{
  "name": "create-tst",
  "version": "1.0.0",
  "lockfileVersion": 1,
  "requires": true,
  "dependencies": {
    "@samverschueren/stream-to-observable": {
      "version": "0.3.1",
      "resolved": "http://registry.npm.qima-inc.com/@samverschueren/stream-to-observable/download/@samverschueren/stream-to-observable-0.3.1.tgz",
      "integrity": "sha1-ohEXsZ7pvnDDeewYd1N+8uHGMwE=",
      "requires": {
        "any-observable": "^0.3.0"
      }
    },
    "@types/execa": {
      "version": "0.9.0",
      "resolved": "http://registry.npm.qima-inc.com/@types/execa/download/@types/execa-0.9.0.tgz",
      "integrity": "sha1-mwJdJ1XxfoC+r5Now/TzGdiw+5M=",
      "requires": {
        "@types/node": "*"
      }
    },
    "@types/node": {
      "version": "11.15.40",
      "resolved": "http://registry.npm.qima-inc.com/@types/node/download/@types/node-11.15.40.tgz",
      "integrity": "sha1-ZrF7epsG/iaJp3r+qm9DJ3kBiyg="
    },
    "ansi-escapes": {
      "version": "4.3.1",
      "resolved": "http://registry.npm.qima-inc.com/ansi-escapes/download/ansi-escapes-4.3.1.tgz",
      "integrity": "sha1-pcR8xDGB8fOP/XB2g3cA05VSKmE=",
      "requires": {
        "type-fest": "^0.11.0"
      }
    },
    "ansi-regex": {
      "version": "5.0.0",
      "resolved": "http://registry.npm.qima-inc.com/ansi-regex/download/ansi-regex-5.0.0.tgz",
      "integrity": "sha1-OIU59VF5vzkznIGvMKZU1p+Hy3U="
    },
    "ansi-styles": {
      "version": "4.3.0",
      "resolved": "http://registry.npm.qima-inc.com/ansi-styles/download/ansi-styles-4.3.0.tgz",
      "integrity": "sha1-7dgDYornHATIWuegkG7a00tkiTc=",
      "requires": {
        "color-convert": "^2.0.1"
      }
    },
    "any-observable": {
      "version": "0.3.0",
      "resolved": "http://registry.npm.qima-inc.com/any-observable/download/any-observable-0.3.0.tgz",
      "integrity": "sha1-r5M0deWAamfQ198JDdXovvZdEZs="
    },
    "arg": {
      "version": "5.0.0",
      "resolved": "http://registry.npm.qima-inc.com/arg/download/arg-5.0.0.tgz",
      "integrity": "sha1-og4rtXEOgpUKUWs/kz/uXtR4vpA="
    },
    "chalk": {
      "version": "4.1.0",
      "resolved": "http://registry.npm.qima-inc.com/chalk/download/chalk-4.1.0.tgz",
      "integrity": "sha1-ThSHCmGNni7dl92DRf2dncMVZGo=",
      "requires": {
        "ansi-styles": "^4.1.0",
        "supports-color": "^7.1.0"
      }
    },
    "chardet": {
      "version": "0.7.0",
      "resolved": "http://registry.npm.qima-inc.com/chardet/download/chardet-0.7.0.tgz",
      "integrity": "sha1-kAlISfCTfy7twkJdDSip5fDLrZ4="
    },
    "cli-cursor": {
      "version": "3.1.0",
      "resolved": "http://registry.npm.qima-inc.com/cli-cursor/download/cli-cursor-3.1.0.tgz",
      "integrity": "sha1-JkMFp65JDR0Dvwybp8kl0XU68wc=",
      "requires": {
        "restore-cursor": "^3.1.0"
      }
    },
    "cli-truncate": {
      "version": "0.2.1",
      "resolved": "http://registry.npm.qima-inc.com/cli-truncate/download/cli-truncate-0.2.1.tgz",
      "integrity": "sha1-nxXPuwcFAFNpIWxiasfQWrkN1XQ=",
      "requires": {
        "slice-ansi": "0.0.4",
        "string-width": "^1.0.1"
      },
      "dependencies": {
        "ansi-regex": {
          "version": "2.1.1",
          "resolved": "http://registry.npm.qima-inc.com/ansi-regex/download/ansi-regex-2.1.1.tgz",
          "integrity": "sha1-w7M6te42DYbg5ijwRorn7yfWVN8="
        },
        "is-fullwidth-code-point": {
          "version": "1.0.0",
          "resolved": "http://registry.npm.qima-inc.com/is-fullwidth-code-point/download/is-fullwidth-code-point-1.0.0.tgz",
          "integrity": "sha1-754xOG8DGn8NZDr4L95QxFfvAMs=",
          "requires": {
            "number-is-nan": "^1.0.0"
          }
        },
        "string-width": {
          "version": "1.0.2",
          "resolved": "http://registry.npm.qima-inc.com/string-width/download/string-width-1.0.2.tgz",
          "integrity": "sha1-EYvfW4zcUaKn5w0hHgfisLmxB9M=",
          "requires": {
            "code-point-at": "^1.0.0",
            "is-fullwidth-code-point": "^1.0.0",
            "strip-ansi": "^3.0.0"
          }
        },
        "strip-ansi": {
          "version": "3.0.1",
          "resolved": "http://registry.npm.qima-inc.com/strip-ansi/download/strip-ansi-3.0.1.tgz",
          "integrity": "sha1-ajhfuIU9lS1f8F0Oiq+UJ43GPc8=",
          "requires": {
            "ansi-regex": "^2.0.0"
          }
        }
      }
    },
    "cli-width": {
      "version": "3.0.0",
      "resolved": "http://registry.npm.qima-inc.com/cli-width/download/cli-width-3.0.0.tgz",
      "integrity": "sha1-ovSEN6LKqaIkNueUvwceyeYc7fY="
    },
    "code-point-at": {
      "version": "1.1.0",
      "resolved": "http://registry.npm.qima-inc.com/code-point-at/download/code-point-at-1.1.0.tgz",
      "integrity": "sha1-DQcLTQQ6W+ozovGkDi7bPZpMz3c="
    },
    "color-convert": {
      "version": "2.0.1",
      "resolved": "http://registry.npm.qima-inc.com/color-convert/download/color-convert-2.0.1.tgz",
      "integrity": "sha1-ctOmjVmMm9s68q0ehPIdiWq9TeM=",
      "requires": {
        "color-name": "~1.1.4"
      }
    },
    "color-name": {
      "version": "1.1.4",
      "resolved": "http://registry.npm.qima-inc.com/color-name/download/color-name-1.1.4.tgz",
      "integrity": "sha1-wqCah6y95pVD3m9j+jmVyCbFNqI="
    },
    "cross-spawn": {
      "version": "7.0.3",
      "resolved": "http://registry.npm.qima-inc.com/cross-spawn/download/cross-spawn-7.0.3.tgz",
      "integrity": "sha1-9zqFudXUHQRVUcF34ogtSshXKKY=",
      "requires": {
        "path-key": "^3.1.0",
        "shebang-command": "^2.0.0",
        "which": "^2.0.1"
      }
    },
    "date-fns": {
      "version": "1.30.1",
      "resolved": "http://registry.npm.qima-inc.com/date-fns/download/date-fns-1.30.1.tgz",
      "integrity": "sha1-LnG/CxGRU9u0zE6I2epaz7UNwFw="
    },
    "elegant-spinner": {
      "version": "1.0.1",
      "resolved": "http://registry.npm.qima-inc.com/elegant-spinner/download/elegant-spinner-1.0.1.tgz",
      "integrity": "sha1-2wQ1IcldfjA/2PNFvtwzSc+wcp4="
    },
    "emoji-regex": {
      "version": "8.0.0",
      "resolved": "http://registry.npm.qima-inc.com/emoji-regex/download/emoji-regex-8.0.0.tgz",
      "integrity": "sha1-6Bj9ac5cz8tARZT4QpY79TFkzDc="
    },
    "end-of-stream": {
      "version": "1.4.4",
      "resolved": "http://registry.npm.qima-inc.com/end-of-stream/download/end-of-stream-1.4.4.tgz",
      "integrity": "sha1-WuZKX0UFe682JuwU2gyl5LJDHrA=",
      "requires": {
        "once": "^1.4.0"
      }
    },
    "escape-string-regexp": {
      "version": "1.0.5",
      "resolved": "http://registry.npm.qima-inc.com/escape-string-regexp/download/escape-string-regexp-1.0.5.tgz",
      "integrity": "sha1-G2HAViGQqN/2rjuyzwIAyhMLhtQ="
    },
    "esm": {
      "version": "3.2.25",
      "resolved": "http://registry.npm.qima-inc.com/esm/download/esm-3.2.25.tgz",
      "integrity": "sha1-NCwYwp1WFXaIulzjH4Qx+7eVzBA="
    },
    "execa": {
      "version": "5.0.0",
      "resolved": "http://registry.npm.qima-inc.com/execa/download/execa-5.0.0.tgz",
      "integrity": "sha1-QCmwAHmYqEH70QMuX03oajweM3Y=",
      "requires": {
        "cross-spawn": "^7.0.3",
        "get-stream": "^6.0.0",
        "human-signals": "^2.1.0",
        "is-stream": "^2.0.0",
        "merge-stream": "^2.0.0",
        "npm-run-path": "^4.0.1",
        "onetime": "^5.1.2",
        "signal-exit": "^3.0.3",
        "strip-final-newline": "^2.0.0"
      }
    },
    "external-editor": {
      "version": "3.1.0",
      "resolved": "http://registry.npm.qima-inc.com/external-editor/download/external-editor-3.1.0.tgz",
      "integrity": "sha1-ywP3QL764D6k0oPK7SdBqD8zVJU=",
      "requires": {
        "chardet": "^0.7.0",
        "iconv-lite": "^0.4.24",
        "tmp": "^0.0.33"
      }
    },
    "figures": {
      "version": "3.2.0",
      "resolved": "http://registry.npm.qima-inc.com/figures/download/figures-3.2.0.tgz",
      "integrity": "sha1-YlwYvSk8YE3EqN2y/r8MiDQXRq8=",
      "requires": {
        "escape-string-regexp": "^1.0.5"
      }
    },
    "get-stream": {
      "version": "6.0.0",
      "resolved": "http://registry.npm.qima-inc.com/get-stream/download/get-stream-6.0.0.tgz",
      "integrity": "sha1-PgASy2gnMZ2icG5gGhWD6GKaZxg="
    },
    "has-ansi": {
      "version": "2.0.0",
      "resolved": "http://registry.npm.qima-inc.com/has-ansi/download/has-ansi-2.0.0.tgz",
      "integrity": "sha1-NPUEnOHs3ysGSa8+8k5F7TVBbZE=",
      "requires": {
        "ansi-regex": "^2.0.0"
      },
      "dependencies": {
        "ansi-regex": {
          "version": "2.1.1",
          "resolved": "http://registry.npm.qima-inc.com/ansi-regex/download/ansi-regex-2.1.1.tgz",
          "integrity": "sha1-w7M6te42DYbg5ijwRorn7yfWVN8="
        }
      }
    },
    "has-flag": {
      "version": "4.0.0",
      "resolved": "http://registry.npm.qima-inc.com/has-flag/download/has-flag-4.0.0.tgz",
      "integrity": "sha1-lEdx/ZyByBJlxNaUGGDaBrtZR5s="
    },
    "human-signals": {
      "version": "2.1.0",
      "resolved": "http://registry.npm.qima-inc.com/human-signals/download/human-signals-2.1.0.tgz",
      "integrity": "sha1-3JH8ukLk0G5Kuu0zs+ejwC9RTqA="
    },
    "iconv-lite": {
      "version": "0.4.24",
      "resolved": "http://registry.npm.qima-inc.com/iconv-lite/download/iconv-lite-0.4.24.tgz",
      "integrity": "sha1-ICK0sl+93CHS9SSXSkdKr+czkIs=",
      "requires": {
        "safer-buffer": ">= 2.1.2 < 3"
      }
    },
    "indent-string": {
      "version": "3.2.0",
      "resolved": "http://registry.npm.qima-inc.com/indent-string/download/indent-string-3.2.0.tgz",
      "integrity": "sha1-Sl/W0nzDMvN+VBmlBNu4NxBckok="
    },
    "inquirer": {
      "version": "7.3.3",
      "resolved": "http://registry.npm.qima-inc.com/inquirer/download/inquirer-7.3.3.tgz",
      "integrity": "sha1-BNF2sq8Er8FXqD/XwQDpjuCq0AM=",
      "requires": {
        "ansi-escapes": "^4.2.1",
        "chalk": "^4.1.0",
        "cli-cursor": "^3.1.0",
        "cli-width": "^3.0.0",
        "external-editor": "^3.0.3",
        "figures": "^3.0.0",
        "lodash": "^4.17.19",
        "mute-stream": "0.0.8",
        "run-async": "^2.4.0",
        "rxjs": "^6.6.0",
        "string-width": "^4.1.0",
        "strip-ansi": "^6.0.0",
        "through": "^2.3.6"
      }
    },
    "is-fullwidth-code-point": {
      "version": "3.0.0",
      "resolved": "http://registry.npm.qima-inc.com/is-fullwidth-code-point/download/is-fullwidth-code-point-3.0.0.tgz",
      "integrity": "sha1-8Rb4Bk/pCz94RKOJl8C3UFEmnx0="
    },
    "is-observable": {
      "version": "1.1.0",
      "resolved": "http://registry.npm.qima-inc.com/is-observable/download/is-observable-1.1.0.tgz",
      "integrity": "sha1-s+mGyPRN6VCGfKtUA/WjRlAFl14=",
      "requires": {
        "symbol-observable": "^1.1.0"
      }
    },
    "is-promise": {
      "version": "2.2.2",
      "resolved": "http://registry.npm.qima-inc.com/is-promise/download/is-promise-2.2.2.tgz",
      "integrity": "sha1-OauVnMv5p3TPB597QMeib3YxNfE="
    },
    "is-stream": {
      "version": "2.0.0",
      "resolved": "http://registry.npm.qima-inc.com/is-stream/download/is-stream-2.0.0.tgz",
      "integrity": "sha1-venDJoDW+uBBKdasnZIc54FfeOM="
    },
    "isexe": {
      "version": "2.0.0",
      "resolved": "http://registry.npm.qima-inc.com/isexe/download/isexe-2.0.0.tgz",
      "integrity": "sha1-6PvzdNxVb/iUehDcsFctYz8s+hA="
    },
    "listr": {
      "version": "0.14.3",
      "resolved": "http://registry.npm.qima-inc.com/listr/download/listr-0.14.3.tgz",
      "integrity": "sha1-L+qQlgTkNL5GTFC926DUlpKPpYY=",
      "requires": {
        "@samverschueren/stream-to-observable": "^0.3.0",
        "is-observable": "^1.1.0",
        "is-promise": "^2.1.0",
        "is-stream": "^1.1.0",
        "listr-silent-renderer": "^1.1.1",
        "listr-update-renderer": "^0.5.0",
        "listr-verbose-renderer": "^0.5.0",
        "p-map": "^2.0.0",
        "rxjs": "^6.3.3"
      },
      "dependencies": {
        "is-stream": {
          "version": "1.1.0",
          "resolved": "http://registry.npm.qima-inc.com/is-stream/download/is-stream-1.1.0.tgz",
          "integrity": "sha1-EtSj3U5o4Lec6428hBc66A2RykQ="
        }
      }
    },
    "listr-silent-renderer": {
      "version": "1.1.1",
      "resolved": "http://registry.npm.qima-inc.com/listr-silent-renderer/download/listr-silent-renderer-1.1.1.tgz",
      "integrity": "sha1-kktaN1cVN3C/Go4/v3S4u/P5JC4="
    },
    "listr-update-renderer": {
      "version": "0.5.0",
      "resolved": "http://registry.npm.qima-inc.com/listr-update-renderer/download/listr-update-renderer-0.5.0.tgz",
      "integrity": "sha1-Tqg2hUinuK7LfgbYyVy0WuLt5qI=",
      "requires": {
        "chalk": "^1.1.3",
        "cli-truncate": "^0.2.1",
        "elegant-spinner": "^1.0.1",
        "figures": "^1.7.0",
        "indent-string": "^3.0.0",
        "log-symbols": "^1.0.2",
        "log-update": "^2.3.0",
        "strip-ansi": "^3.0.1"
      },
      "dependencies": {
        "ansi-regex": {
          "version": "2.1.1",
          "resolved": "http://registry.npm.qima-inc.com/ansi-regex/download/ansi-regex-2.1.1.tgz",
          "integrity": "sha1-w7M6te42DYbg5ijwRorn7yfWVN8="
        },
        "ansi-styles": {
          "version": "2.2.1",
          "resolved": "http://registry.npm.qima-inc.com/ansi-styles/download/ansi-styles-2.2.1.tgz",
          "integrity": "sha1-tDLdM1i2NM914eRmQ2gkBTPB3b4="
        },
        "chalk": {
          "version": "1.1.3",
          "resolved": "http://registry.npm.qima-inc.com/chalk/download/chalk-1.1.3.tgz",
          "integrity": "sha1-qBFcVeSnAv5NFQq9OHKCKn4J/Jg=",
          "requires": {
            "ansi-styles": "^2.2.1",
            "escape-string-regexp": "^1.0.2",
            "has-ansi": "^2.0.0",
            "strip-ansi": "^3.0.0",
            "supports-color": "^2.0.0"
          }
        },
        "figures": {
          "version": "1.7.0",
          "resolved": "http://registry.npm.qima-inc.com/figures/download/figures-1.7.0.tgz",
          "integrity": "sha1-y+Hjr/zxzUS4DK3+0o3Hk6lwHS4=",
          "requires": {
            "escape-string-regexp": "^1.0.5",
            "object-assign": "^4.1.0"
          }
        },
        "strip-ansi": {
          "version": "3.0.1",
          "resolved": "http://registry.npm.qima-inc.com/strip-ansi/download/strip-ansi-3.0.1.tgz",
          "integrity": "sha1-ajhfuIU9lS1f8F0Oiq+UJ43GPc8=",
          "requires": {
            "ansi-regex": "^2.0.0"
          }
        },
        "supports-color": {
          "version": "2.0.0",
          "resolved": "http://registry.npm.qima-inc.com/supports-color/download/supports-color-2.0.0.tgz",
          "integrity": "sha1-U10EXOa2Nj+kARcIRimZXp3zJMc="
        }
      }
    },
    "listr-verbose-renderer": {
      "version": "0.5.0",
      "resolved": "http://registry.npm.qima-inc.com/listr-verbose-renderer/download/listr-verbose-renderer-0.5.0.tgz",
      "integrity": "sha1-8RMhZ1NepMEmEQK58o2sfLoeA9s=",
      "requires": {
        "chalk": "^2.4.1",
        "cli-cursor": "^2.1.0",
        "date-fns": "^1.27.2",
        "figures": "^2.0.0"
      },
      "dependencies": {
        "ansi-styles": {
          "version": "3.2.1",
          "resolved": "http://registry.npm.qima-inc.com/ansi-styles/download/ansi-styles-3.2.1.tgz",
          "integrity": "sha1-QfuyAkPlCxK+DwS43tvwdSDOhB0=",
          "requires": {
            "color-convert": "^1.9.0"
          }
        },
        "chalk": {
          "version": "2.4.2",
          "resolved": "http://registry.npm.qima-inc.com/chalk/download/chalk-2.4.2.tgz",
          "integrity": "sha1-zUJUFnelQzPPVBpJEIwUMrRMlCQ=",
          "requires": {
            "ansi-styles": "^3.2.1",
            "escape-string-regexp": "^1.0.5",
            "supports-color": "^5.3.0"
          }
        },
        "cli-cursor": {
          "version": "2.1.0",
          "resolved": "http://registry.npm.qima-inc.com/cli-cursor/download/cli-cursor-2.1.0.tgz",
          "integrity": "sha1-s12sN2R5+sw+lHR9QdDQ9SOP/LU=",
          "requires": {
            "restore-cursor": "^2.0.0"
          }
        },
        "color-convert": {
          "version": "1.9.3",
          "resolved": "http://registry.npm.qima-inc.com/color-convert/download/color-convert-1.9.3.tgz",
          "integrity": "sha1-u3GFBpDh8TZWfeYp0tVHHe2kweg=",
          "requires": {
            "color-name": "1.1.3"
          }
        },
        "color-name": {
          "version": "1.1.3",
          "resolved": "http://registry.npm.qima-inc.com/color-name/download/color-name-1.1.3.tgz",
          "integrity": "sha1-p9BVi9icQveV3UIyj3QIMcpTvCU="
        },
        "figures": {
          "version": "2.0.0",
          "resolved": "http://registry.npm.qima-inc.com/figures/download/figures-2.0.0.tgz",
          "integrity": "sha1-OrGi0qYsi/tDGgyUy3l6L84nyWI=",
          "requires": {
            "escape-string-regexp": "^1.0.5"
          }
        },
        "has-flag": {
          "version": "3.0.0",
          "resolved": "http://registry.npm.qima-inc.com/has-flag/download/has-flag-3.0.0.tgz",
          "integrity": "sha1-tdRU3CGZriJWmfNGfloH87lVuv0="
        },
        "mimic-fn": {
          "version": "1.2.0",
          "resolved": "http://registry.npm.qima-inc.com/mimic-fn/download/mimic-fn-1.2.0.tgz",
          "integrity": "sha1-ggyGo5M0ZA6ZUWkovQP8qIBX0CI="
        },
        "onetime": {
          "version": "2.0.1",
          "resolved": "http://registry.npm.qima-inc.com/onetime/download/onetime-2.0.1.tgz",
          "integrity": "sha1-BnQoIw/WdEOyeUsiu6UotoZ5YtQ=",
          "requires": {
            "mimic-fn": "^1.0.0"
          }
        },
        "restore-cursor": {
          "version": "2.0.0",
          "resolved": "http://registry.npm.qima-inc.com/restore-cursor/download/restore-cursor-2.0.0.tgz",
          "integrity": "sha1-n37ih/gv0ybU/RYpI9YhKe7g368=",
          "requires": {
            "onetime": "^2.0.0",
            "signal-exit": "^3.0.2"
          }
        },
        "supports-color": {
          "version": "5.5.0",
          "resolved": "http://registry.npm.qima-inc.com/supports-color/download/supports-color-5.5.0.tgz",
          "integrity": "sha1-4uaaRKyHcveKHsCzW2id9lMO/I8=",
          "requires": {
            "has-flag": "^3.0.0"
          }
        }
      }
    },
    "lodash": {
      "version": "4.17.20",
      "resolved": "http://registry.npm.qima-inc.com/lodash/download/lodash-4.17.20.tgz",
      "integrity": "sha1-tEqbYpe8tpjxxRo1RaKzs2jVnFI="
    },
    "log-symbols": {
      "version": "1.0.2",
      "resolved": "http://registry.npm.qima-inc.com/log-symbols/download/log-symbols-1.0.2.tgz",
      "integrity": "sha1-N2/3tY6jCGoPCfrMdGF+ylAeGhg=",
      "requires": {
        "chalk": "^1.0.0"
      },
      "dependencies": {
        "ansi-regex": {
          "version": "2.1.1",
          "resolved": "http://registry.npm.qima-inc.com/ansi-regex/download/ansi-regex-2.1.1.tgz",
          "integrity": "sha1-w7M6te42DYbg5ijwRorn7yfWVN8="
        },
        "ansi-styles": {
          "version": "2.2.1",
          "resolved": "http://registry.npm.qima-inc.com/ansi-styles/download/ansi-styles-2.2.1.tgz",
          "integrity": "sha1-tDLdM1i2NM914eRmQ2gkBTPB3b4="
        },
        "chalk": {
          "version": "1.1.3",
          "resolved": "http://registry.npm.qima-inc.com/chalk/download/chalk-1.1.3.tgz",
          "integrity": "sha1-qBFcVeSnAv5NFQq9OHKCKn4J/Jg=",
          "requires": {
            "ansi-styles": "^2.2.1",
            "escape-string-regexp": "^1.0.2",
            "has-ansi": "^2.0.0",
            "strip-ansi": "^3.0.0",
            "supports-color": "^2.0.0"
          }
        },
        "strip-ansi": {
          "version": "3.0.1",
          "resolved": "http://registry.npm.qima-inc.com/strip-ansi/download/strip-ansi-3.0.1.tgz",
          "integrity": "sha1-ajhfuIU9lS1f8F0Oiq+UJ43GPc8=",
          "requires": {
            "ansi-regex": "^2.0.0"
          }
        },
        "supports-color": {
          "version": "2.0.0",
          "resolved": "http://registry.npm.qima-inc.com/supports-color/download/supports-color-2.0.0.tgz",
          "integrity": "sha1-U10EXOa2Nj+kARcIRimZXp3zJMc="
        }
      }
    },
    "log-update": {
      "version": "2.3.0",
      "resolved": "http://registry.npm.qima-inc.com/log-update/download/log-update-2.3.0.tgz",
      "integrity": "sha1-iDKP19HOeTiykoN0bwsbwSayRwg=",
      "requires": {
        "ansi-escapes": "^3.0.0",
        "cli-cursor": "^2.0.0",
        "wrap-ansi": "^3.0.1"
      },
      "dependencies": {
        "ansi-escapes": {
          "version": "3.2.0",
          "resolved": "http://registry.npm.qima-inc.com/ansi-escapes/download/ansi-escapes-3.2.0.tgz",
          "integrity": "sha1-h4C5j/nb9WOBUtHx/lwde0RCl2s="
        },
        "cli-cursor": {
          "version": "2.1.0",
          "resolved": "http://registry.npm.qima-inc.com/cli-cursor/download/cli-cursor-2.1.0.tgz",
          "integrity": "sha1-s12sN2R5+sw+lHR9QdDQ9SOP/LU=",
          "requires": {
            "restore-cursor": "^2.0.0"
          }
        },
        "mimic-fn": {
          "version": "1.2.0",
          "resolved": "http://registry.npm.qima-inc.com/mimic-fn/download/mimic-fn-1.2.0.tgz",
          "integrity": "sha1-ggyGo5M0ZA6ZUWkovQP8qIBX0CI="
        },
        "onetime": {
          "version": "2.0.1",
          "resolved": "http://registry.npm.qima-inc.com/onetime/download/onetime-2.0.1.tgz",
          "integrity": "sha1-BnQoIw/WdEOyeUsiu6UotoZ5YtQ=",
          "requires": {
            "mimic-fn": "^1.0.0"
          }
        },
        "restore-cursor": {
          "version": "2.0.0",
          "resolved": "http://registry.npm.qima-inc.com/restore-cursor/download/restore-cursor-2.0.0.tgz",
          "integrity": "sha1-n37ih/gv0ybU/RYpI9YhKe7g368=",
          "requires": {
            "onetime": "^2.0.0",
            "signal-exit": "^3.0.2"
          }
        }
      }
    },
    "merge-stream": {
      "version": "2.0.0",
      "resolved": "http://registry.npm.qima-inc.com/merge-stream/download/merge-stream-2.0.0.tgz",
      "integrity": "sha1-UoI2KaFN0AyXcPtq1H3GMQ8sH2A="
    },
    "mimic-fn": {
      "version": "2.1.0",
      "resolved": "http://registry.npm.qima-inc.com/mimic-fn/download/mimic-fn-2.1.0.tgz",
      "integrity": "sha1-ftLCzMyvhNP/y3pptXcR/CCDQBs="
    },
    "mute-stream": {
      "version": "0.0.8",
      "resolved": "http://registry.npm.qima-inc.com/mute-stream/download/mute-stream-0.0.8.tgz",
      "integrity": "sha1-FjDEKyJR/4HiooPelqVJfqkuXg0="
    },
    "ncp": {
      "version": "2.0.0",
      "resolved": "http://registry.npm.qima-inc.com/ncp/download/ncp-2.0.0.tgz",
      "integrity": "sha1-GVoh1sRuNh0vsSgbo4uR6d9727M="
    },
    "nice-try": {
      "version": "1.0.5",
      "resolved": "http://registry.npm.qima-inc.com/nice-try/download/nice-try-1.0.5.tgz",
      "integrity": "sha1-ozeKdpbOfSI+iPybdkvX7xCJ42Y="
    },
    "npm-run-path": {
      "version": "4.0.1",
      "resolved": "http://registry.npm.qima-inc.com/npm-run-path/download/npm-run-path-4.0.1.tgz",
      "integrity": "sha1-t+zR5e1T2o43pV4cImnguX7XSOo=",
      "requires": {
        "path-key": "^3.0.0"
      }
    },
    "number-is-nan": {
      "version": "1.0.1",
      "resolved": "http://registry.npm.qima-inc.com/number-is-nan/download/number-is-nan-1.0.1.tgz",
      "integrity": "sha1-CXtgK1NCKlIsGvuHkDGDNpQaAR0="
    },
    "object-assign": {
      "version": "4.1.1",
      "resolved": "http://registry.npm.qima-inc.com/object-assign/download/object-assign-4.1.1.tgz",
      "integrity": "sha1-IQmtx5ZYh8/AXLvUQsrIv7s2CGM="
    },
    "once": {
      "version": "1.4.0",
      "resolved": "http://registry.npm.qima-inc.com/once/download/once-1.4.0.tgz",
      "integrity": "sha1-WDsap3WWHUsROsF9nFC6753Xa9E=",
      "requires": {
        "wrappy": "1"
      }
    },
    "onetime": {
      "version": "5.1.2",
      "resolved": "http://registry.npm.qima-inc.com/onetime/download/onetime-5.1.2.tgz",
      "integrity": "sha1-0Oluu1awdHbfHdnEgG5SN5hcpF4=",
      "requires": {
        "mimic-fn": "^2.1.0"
      }
    },
    "os-tmpdir": {
      "version": "1.0.2",
      "resolved": "http://registry.npm.qima-inc.com/os-tmpdir/download/os-tmpdir-1.0.2.tgz",
      "integrity": "sha1-u+Z0BseaqFxc/sdm/lc0VV36EnQ="
    },
    "p-finally": {
      "version": "1.0.0",
      "resolved": "http://registry.npm.qima-inc.com/p-finally/download/p-finally-1.0.0.tgz",
      "integrity": "sha1-P7z7FbiZpEEjs0ttzBi3JDNqLK4="
    },
    "p-map": {
      "version": "2.1.0",
      "resolved": "http://registry.npm.qima-inc.com/p-map/download/p-map-2.1.0.tgz",
      "integrity": "sha1-MQko/u+cnsxltosXaTAYpmXOoXU="
    },
    "path-key": {
      "version": "3.1.1",
      "resolved": "http://registry.npm.qima-inc.com/path-key/download/path-key-3.1.1.tgz",
      "integrity": "sha1-WB9q3mWMu6ZaDTOA3ndTKVBU83U="
    },
    "pkg-install": {
      "version": "1.0.0",
      "resolved": "http://registry.npm.qima-inc.com/pkg-install/download/pkg-install-1.0.0.tgz",
      "integrity": "sha1-oMLmThTRcz1nBXFInDA2BVJwY/4=",
      "requires": {
        "@types/execa": "^0.9.0",
        "@types/node": "^11.9.4",
        "execa": "^1.0.0"
      },
      "dependencies": {
        "cross-spawn": {
          "version": "6.0.5",
          "resolved": "http://registry.npm.qima-inc.com/cross-spawn/download/cross-spawn-6.0.5.tgz",
          "integrity": "sha1-Sl7Hxk364iw6FBJNus3uhG2Ay8Q=",
          "requires": {
            "nice-try": "^1.0.4",
            "path-key": "^2.0.1",
            "semver": "^5.5.0",
            "shebang-command": "^1.2.0",
            "which": "^1.2.9"
          }
        },
        "execa": {
          "version": "1.0.0",
          "resolved": "http://registry.npm.qima-inc.com/execa/download/execa-1.0.0.tgz",
          "integrity": "sha1-xiNqW7TfbW8V6I5/AXeYIWdJ3dg=",
          "requires": {
            "cross-spawn": "^6.0.0",
            "get-stream": "^4.0.0",
            "is-stream": "^1.1.0",
            "npm-run-path": "^2.0.0",
            "p-finally": "^1.0.0",
            "signal-exit": "^3.0.0",
            "strip-eof": "^1.0.0"
          }
        },
        "get-stream": {
          "version": "4.1.0",
          "resolved": "http://registry.npm.qima-inc.com/get-stream/download/get-stream-4.1.0.tgz",
          "integrity": "sha1-wbJVV189wh1Zv8ec09K0axw6VLU=",
          "requires": {
            "pump": "^3.0.0"
          }
        },
        "is-stream": {
          "version": "1.1.0",
          "resolved": "http://registry.npm.qima-inc.com/is-stream/download/is-stream-1.1.0.tgz",
          "integrity": "sha1-EtSj3U5o4Lec6428hBc66A2RykQ="
        },
        "npm-run-path": {
          "version": "2.0.2",
          "resolved": "http://registry.npm.qima-inc.com/npm-run-path/download/npm-run-path-2.0.2.tgz",
          "integrity": "sha1-NakjLfo11wZ7TLLd8jV7GHFTbF8=",
          "requires": {
            "path-key": "^2.0.0"
          }
        },
        "path-key": {
          "version": "2.0.1",
          "resolved": "http://registry.npm.qima-inc.com/path-key/download/path-key-2.0.1.tgz",
          "integrity": "sha1-QRyttXTFoUDTpLGRDUDYDMn0C0A="
        },
        "shebang-command": {
          "version": "1.2.0",
          "resolved": "http://registry.npm.qima-inc.com/shebang-command/download/shebang-command-1.2.0.tgz",
          "integrity": "sha1-RKrGW2lbAzmJaMOfNj/uXer98eo=",
          "requires": {
            "shebang-regex": "^1.0.0"
          }
        },
        "shebang-regex": {
          "version": "1.0.0",
          "resolved": "http://registry.npm.qima-inc.com/shebang-regex/download/shebang-regex-1.0.0.tgz",
          "integrity": "sha1-2kL0l0DAtC2yypcoVxyxkMmO/qM="
        },
        "which": {
          "version": "1.3.1",
          "resolved": "http://registry.npm.qima-inc.com/which/download/which-1.3.1.tgz",
          "integrity": "sha1-pFBD1U9YBTFtqNYvn1CRjT2nCwo=",
          "requires": {
            "isexe": "^2.0.0"
          }
        }
      }
    },
    "pump": {
      "version": "3.0.0",
      "resolved": "http://registry.npm.qima-inc.com/pump/download/pump-3.0.0.tgz",
      "integrity": "sha1-tKIRaBW94vTh6mAjVOjHVWUQemQ=",
      "requires": {
        "end-of-stream": "^1.1.0",
        "once": "^1.3.1"
      }
    },
    "restore-cursor": {
      "version": "3.1.0",
      "resolved": "http://registry.npm.qima-inc.com/restore-cursor/download/restore-cursor-3.1.0.tgz",
      "integrity": "sha1-OfZ8VLOnpYzqUjbZXPADQjljH34=",
      "requires": {
        "onetime": "^5.1.0",
        "signal-exit": "^3.0.2"
      }
    },
    "run-async": {
      "version": "2.4.1",
      "resolved": "http://registry.npm.qima-inc.com/run-async/download/run-async-2.4.1.tgz",
      "integrity": "sha1-hEDsz5nqPnC9QJ1JqriOEMGJpFU="
    },
    "rxjs": {
      "version": "6.6.3",
      "resolved": "http://registry.npm.qima-inc.com/rxjs/download/rxjs-6.6.3.tgz",
      "integrity": "sha1-jKhGNcTaqQDA05Z6buesYCce5VI=",
      "requires": {
        "tslib": "^1.9.0"
      }
    },
    "safer-buffer": {
      "version": "2.1.2",
      "resolved": "http://registry.npm.qima-inc.com/safer-buffer/download/safer-buffer-2.1.2.tgz",
      "integrity": "sha1-RPoWGwGHuVSd2Eu5GAL5vYOFzWo="
    },
    "semver": {
      "version": "5.7.1",
      "resolved": "http://registry.npm.qima-inc.com/semver/download/semver-5.7.1.tgz",
      "integrity": "sha1-qVT5Ma66UI0we78Gnv8MAclhFvc="
    },
    "shebang-command": {
      "version": "2.0.0",
      "resolved": "http://registry.npm.qima-inc.com/shebang-command/download/shebang-command-2.0.0.tgz",
      "integrity": "sha1-zNCvT4g1+9wmW4JGGq8MNmY/NOo=",
      "requires": {
        "shebang-regex": "^3.0.0"
      }
    },
    "shebang-regex": {
      "version": "3.0.0",
      "resolved": "http://registry.npm.qima-inc.com/shebang-regex/download/shebang-regex-3.0.0.tgz",
      "integrity": "sha1-rhbxZE2HPsrYQ7AwexQzYtTEIXI="
    },
    "signal-exit": {
      "version": "3.0.3",
      "resolved": "http://registry.npm.qima-inc.com/signal-exit/download/signal-exit-3.0.3.tgz",
      "integrity": "sha1-oUEMLt2PB3sItOJTyOrPyvBXRhw="
    },
    "slice-ansi": {
      "version": "0.0.4",
      "resolved": "http://registry.npm.qima-inc.com/slice-ansi/download/slice-ansi-0.0.4.tgz",
      "integrity": "sha1-7b+JA/ZvfOL46v1s7tZeJkyDGzU="
    },
    "string-width": {
      "version": "4.2.0",
      "resolved": "http://registry.npm.qima-inc.com/string-width/download/string-width-4.2.0.tgz",
      "integrity": "sha1-lSGCxGzHssMT0VluYjmSvRY7crU=",
      "requires": {
        "emoji-regex": "^8.0.0",
        "is-fullwidth-code-point": "^3.0.0",
        "strip-ansi": "^6.0.0"
      }
    },
    "strip-ansi": {
      "version": "6.0.0",
      "resolved": "http://registry.npm.qima-inc.com/strip-ansi/download/strip-ansi-6.0.0.tgz",
      "integrity": "sha1-CxVx3XZpzNTz4G4U7x7tJiJa5TI=",
      "requires": {
        "ansi-regex": "^5.0.0"
      }
    },
    "strip-eof": {
      "version": "1.0.0",
      "resolved": "http://registry.npm.qima-inc.com/strip-eof/download/strip-eof-1.0.0.tgz",
      "integrity": "sha1-u0P/VZim6wXYm1n80SnJgzE2Br8="
    },
    "strip-final-newline": {
      "version": "2.0.0",
      "resolved": "http://registry.npm.qima-inc.com/strip-final-newline/download/strip-final-newline-2.0.0.tgz",
      "integrity": "sha1-ibhS+y/L6Tb29LMYevsKEsGrWK0="
    },
    "supports-color": {
      "version": "7.2.0",
      "resolved": "http://registry.npm.qima-inc.com/supports-color/download/supports-color-7.2.0.tgz",
      "integrity": "sha1-G33NyzK4E4gBs+R4umpRyqiWSNo=",
      "requires": {
        "has-flag": "^4.0.0"
      }
    },
    "symbol-observable": {
      "version": "1.2.0",
      "resolved": "http://registry.npm.qima-inc.com/symbol-observable/download/symbol-observable-1.2.0.tgz",
      "integrity": "sha1-wiaIrtTqs83C3+rLtWFmBWCgCAQ="
    },
    "through": {
      "version": "2.3.8",
      "resolved": "http://registry.npm.qima-inc.com/through/download/through-2.3.8.tgz",
      "integrity": "sha1-DdTJ/6q8NXlgsbckEV1+Doai4fU="
    },
    "tmp": {
      "version": "0.0.33",
      "resolved": "http://registry.npm.qima-inc.com/tmp/download/tmp-0.0.33.tgz",
      "integrity": "sha1-bTQzWIl2jSGyvNoKonfO07G/rfk=",
      "requires": {
        "os-tmpdir": "~1.0.2"
      }
    },
    "tslib": {
      "version": "1.14.1",
      "resolved": "http://registry.npm.qima-inc.com/tslib/download/tslib-1.14.1.tgz",
      "integrity": "sha1-zy04vcNKE0vK8QkcQfZhni9nLQA="
    },
    "type-fest": {
      "version": "0.11.0",
      "resolved": "http://registry.npm.qima-inc.com/type-fest/download/type-fest-0.11.0.tgz",
      "integrity": "sha1-l6vwhyMQ/tiKXEZrJWgVdhReM/E="
    },
    "which": {
      "version": "2.0.2",
      "resolved": "http://registry.npm.qima-inc.com/which/download/which-2.0.2.tgz",
      "integrity": "sha1-fGqN0KY2oDJ+ELWckobu6T8/UbE=",
      "requires": {
        "isexe": "^2.0.0"
      }
    },
    "wrap-ansi": {
      "version": "3.0.1",
      "resolved": "http://registry.npm.qima-inc.com/wrap-ansi/download/wrap-ansi-3.0.1.tgz",
      "integrity": "sha1-KIoE2H7aXChuBg3+jxNc6NAH+Lo=",
      "requires": {
        "string-width": "^2.1.1",
        "strip-ansi": "^4.0.0"
      },
      "dependencies": {
        "ansi-regex": {
          "version": "3.0.0",
          "resolved": "http://registry.npm.qima-inc.com/ansi-regex/download/ansi-regex-3.0.0.tgz",
          "integrity": "sha1-7QMXwyIGT3lGbAKWa922Bas32Zg="
        },
        "is-fullwidth-code-point": {
          "version": "2.0.0",
          "resolved": "http://registry.npm.qima-inc.com/is-fullwidth-code-point/download/is-fullwidth-code-point-2.0.0.tgz",
          "integrity": "sha1-o7MKXE8ZkYMWeqq5O+764937ZU8="
        },
        "string-width": {
          "version": "2.1.1",
          "resolved": "http://registry.npm.qima-inc.com/string-width/download/string-width-2.1.1.tgz",
          "integrity": "sha1-q5Pyeo3BPSjKyBXEYhQ6bZASrp4=",
          "requires": {
            "is-fullwidth-code-point": "^2.0.0",
            "strip-ansi": "^4.0.0"
          }
        },
        "strip-ansi": {
          "version": "4.0.0",
          "resolved": "http://registry.npm.qima-inc.com/strip-ansi/download/strip-ansi-4.0.0.tgz",
          "integrity": "sha1-qEeQIusaw2iocTibY1JixQXuNo8=",
          "requires": {
            "ansi-regex": "^3.0.0"
          }
        }
      }
    },
    "wrappy": {
      "version": "1.0.2",
      "resolved": "http://registry.npm.qima-inc.com/wrappy/download/wrappy-1.0.2.tgz",
      "integrity": "sha1-tSQ9jz7BqjXxNkYFvA0QNuMKtp8="
    }
  }
}
